// !$*UTF8*$!
{
	archiveVersion = 1;
	classes = {
	};
	objectVersion = 46;
	objects = {

/* Begin PBXBuildFile section */
		13FA86D019943A2E002AF829 /* Foundation.framework in Frameworks */ = {isa = PBXBuildFile; fileRef = 13FA86CF19943A2E002AF829 /* Foundation.framework */; };
		13FA86D219943A2E002AF829 /* CoreGraphics.framework in Frameworks */ = {isa = PBXBuildFile; fileRef = 13FA86D119943A2E002AF829 /* CoreGraphics.framework */; };
		13FA86D419943A2E002AF829 /* UIKit.framework in Frameworks */ = {isa = PBXBuildFile; fileRef = 13FA86D319943A2E002AF829 /* UIKit.framework */; };
		13FA86DA19943A2E002AF829 /* InfoPlist.strings in Resources */ = {isa = PBXBuildFile; fileRef = 13FA86D819943A2E002AF829 /* InfoPlist.strings */; };
		13FA86DC19943A2E002AF829 /* main.m in Sources */ = {isa = PBXBuildFile; fileRef = 13FA86DB19943A2E002AF829 /* main.m */; };
		13FA86E019943A2E002AF829 /* MRAppDelegate.m in Sources */ = {isa = PBXBuildFile; fileRef = 13FA86DF19943A2E002AF829 /* MRAppDelegate.m */; };
		13FA86E319943A2E002AF829 /* Main.storyboard in Resources */ = {isa = PBXBuildFile; fileRef = 13FA86E119943A2E002AF829 /* Main.storyboard */; };
		13FA86E619943A2E002AF829 /* MRFirstViewController.m in Sources */ = {isa = PBXBuildFile; fileRef = 13FA86E519943A2E002AF829 /* MRFirstViewController.m */; };
		13FA86E919943A2E002AF829 /* MRSecondViewController.m in Sources */ = {isa = PBXBuildFile; fileRef = 13FA86E819943A2E002AF829 /* MRSecondViewController.m */; };
		13FA86EB19943A2E002AF829 /* Images.xcassets in Resources */ = {isa = PBXBuildFile; fileRef = 13FA86EA19943A2E002AF829 /* Images.xcassets */; };
		13FA86F219943A2E002AF829 /* XCTest.framework in Frameworks */ = {isa = PBXBuildFile; fileRef = 13FA86F119943A2E002AF829 /* XCTest.framework */; };
		13FA86F319943A2E002AF829 /* Foundation.framework in Frameworks */ = {isa = PBXBuildFile; fileRef = 13FA86CF19943A2E002AF829 /* Foundation.framework */; };
		13FA86F419943A2E002AF829 /* UIKit.framework in Frameworks */ = {isa = PBXBuildFile; fileRef = 13FA86D319943A2E002AF829 /* UIKit.framework */; };
		13FA86FC19943A2F002AF829 /* InfoPlist.strings in Resources */ = {isa = PBXBuildFile; fileRef = 13FA86FA19943A2F002AF829 /* InfoPlist.strings */; };
		13FA86FE19943A2F002AF829 /* MatchedUpTests.m in Sources */ = {isa = PBXBuildFile; fileRef = 13FA86FD19943A2F002AF829 /* MatchedUpTests.m */; };
/* End PBXBuildFile section */

/* Begin PBXContainerItemProxy section */
		13FA86F519943A2F002AF829 /* PBXContainerItemProxy */ = {
			isa = PBXContainerItemProxy;
			containerPortal = 13FA86C419943A2E002AF829 /* Project object */;
			proxyType = 1;
			remoteGlobalIDString = 13FA86CB19943A2E002AF829;
			remoteInfo = MatchedUp;
		};
/* End PBXContainerItemProxy section */

/* Begin PBXFileReference section */
		13FA86CC19943A2E002AF829 /* MatchedUp.app */ = {isa = PBXFileReference; explicitFileType = wrapper.application; includeInIndex = 0; path = MatchedUp.app; sourceTree = BUILT_PRODUCTS_DIR; };
		13FA86CF19943A2E002AF829 /* Foundation.framework */ = {isa = PBXFileReference; lastKnownFileType = wrapper.framework; name = Foundation.framework; path = System/Library/Frameworks/Foundation.framework; sourceTree = SDKROOT; };
		13FA86D119943A2E002AF829 /* CoreGraphics.framework */ = {isa = PBXFileReference; lastKnownFileType = wrapper.framework; name = CoreGraphics.framework; path = System/Library/Frameworks/CoreGraphics.framework; sourceTree = SDKROOT; };
		13FA86D319943A2E002AF829 /* UIKit.framework */ = {isa = PBXFileReference; lastKnownFileType = wrapper.framework; name = UIKit.framework; path = System/Library/Frameworks/UIKit.framework; sourceTree = SDKROOT; };
		13FA86D719943A2E002AF829 /* MatchedUp-Info.plist */ = {isa = PBXFileReference; lastKnownFileType = text.plist.xml; path = "MatchedUp-Info.plist"; sourceTree = "<group>"; };
		13FA86D919943A2E002AF829 /* en */ = {isa = PBXFileReference; lastKnownFileType = text.plist.strings; name = en; path = en.lproj/InfoPlist.strings; sourceTree = "<group>"; };
		13FA86DB19943A2E002AF829 /* main.m */ = {isa = PBXFileReference; lastKnownFileType = sourcecode.c.objc; path = main.m; sourceTree = "<group>"; };
		13FA86DD19943A2E002AF829 /* MatchedUp-Prefix.pch */ = {isa = PBXFileReference; lastKnownFileType = sourcecode.c.h; path = "MatchedUp-Prefix.pch"; sourceTree = "<group>"; };
		13FA86DE19943A2E002AF829 /* MRAppDelegate.h */ = {isa = PBXFileReference; lastKnownFileType = sourcecode.c.h; path = MRAppDelegate.h; sourceTree = "<group>"; };
		13FA86DF19943A2E002AF829 /* MRAppDelegate.m */ = {isa = PBXFileReference; lastKnownFileType = sourcecode.c.objc; path = MRAppDelegate.m; sourceTree = "<group>"; };
		13FA86E219943A2E002AF829 /* Base */ = {isa = PBXFileReference; lastKnownFileType = file.storyboard; name = Base; path = Base.lproj/Main.storyboard; sourceTree = "<group>"; };
		13FA86E419943A2E002AF829 /* MRFirstViewController.h */ = {isa = PBXFileReference; lastKnownFileType = sourcecode.c.h; path = MRFirstViewController.h; sourceTree = "<group>"; };
		13FA86E519943A2E002AF829 /* MRFirstViewController.m */ = {isa = PBXFileReference; lastKnownFileType = sourcecode.c.objc; path = MRFirstViewController.m; sourceTree = "<group>"; };
		13FA86E719943A2E002AF829 /* MRSecondViewController.h */ = {isa = PBXFileReference; lastKnownFileType = sourcecode.c.h; path = MRSecondViewController.h; sourceTree = "<group>"; };
		13FA86E819943A2E002AF829 /* MRSecondViewController.m */ = {isa = PBXFileReference; lastKnownFileType = sourcecode.c.objc; path = MRSecondViewController.m; sourceTree = "<group>"; };
		13FA86EA19943A2E002AF829 /* Images.xcassets */ = {isa = PBXFileReference; lastKnownFileType = folder.assetcatalog; path = Images.xcassets; sourceTree = "<group>"; };
		13FA86F019943A2E002AF829 /* MatchedUpTests.xctest */ = {isa = PBXFileReference; explicitFileType = wrapper.cfbundle; includeInIndex = 0; path = MatchedUpTests.xctest; sourceTree = BUILT_PRODUCTS_DIR; };
		13FA86F119943A2E002AF829 /* XCTest.framework */ = {isa = PBXFileReference; lastKnownFileType = wrapper.framework; name = XCTest.framework; path = Library/Frameworks/XCTest.framework; sourceTree = DEVELOPER_DIR; };
		13FA86F919943A2F002AF829 /* MatchedUpTests-Info.plist */ = {isa = PBXFileReference; lastKnownFileType = text.plist.xml; path = "MatchedUpTests-Info.plist"; sourceTree = "<group>"; };
		13FA86FB19943A2F002AF829 /* en */ = {isa = PBXFileReference; lastKnownFileType = text.plist.strings; name = en; path = en.lproj/InfoPlist.strings; sourceTree = "<group>"; };
		13FA86FD19943A2F002AF829 /* MatchedUpTests.m */ = {isa = PBXFileReference; lastKnownFileType = sourcecode.c.objc; path = MatchedUpTests.m; sourceTree = "<group>"; };
/* End PBXFileReference section */

/* Begin PBXFrameworksBuildPhase section */
		13FA86C919943A2E002AF829 /* Frameworks */ = {
			isa = PBXFrameworksBuildPhase;
			buildActionMask = 2147483647;
			files = (
				13FA86D219943A2E002AF829 /* CoreGraphics.framework in Frameworks */,
				13FA86D419943A2E002AF829 /* UIKit.framework in Frameworks */,
				13FA86D019943A2E002AF829 /* Foundation.framework in Frameworks */,
			);
			runOnlyForDeploymentPostprocessing = 0;
		};
		13FA86ED19943A2E002AF829 /* Frameworks */ = {
			isa = PBXFrameworksBuildPhase;
			buildActionMask = 2147483647;
			files = (
				13FA86F219943A2E002AF829 /* XCTest.framework in Frameworks */,
				13FA86F419943A2E002AF829 /* UIKit.framework in Frameworks */,
				13FA86F319943A2E002AF829 /* Foundation.framework in Frameworks */,
			);
			runOnlyForDeploymentPostprocessing = 0;
		};
/* End PBXFrameworksBuildPhase section */

/* Begin PBXGroup section */
		13FA86C319943A2E002AF829 = {
			isa = PBXGroup;
			children = (
				13FA86D519943A2E002AF829 /* MatchedUp */,
				13FA86F719943A2F002AF829 /* MatchedUpTests */,
				13FA86CE19943A2E002AF829 /* Frameworks */,
				13FA86CD19943A2E002AF829 /* Products */,
			);
			sourceTree = "<group>";
		};
		13FA86CD19943A2E002AF829 /* Products */ = {
			isa = PBXGroup;
			children = (
				13FA86CC19943A2E002AF829 /* MatchedUp.app */,
				13FA86F019943A2E002AF829 /* MatchedUpTests.xctest */,
			);
			name = Products;
			sourceTree = "<group>";
		};
		13FA86CE19943A2E002AF829 /* Frameworks */ = {
			isa = PBXGroup;
			children = (
				13FA86CF19943A2E002AF829 /* Foundation.framework */,
				13FA86D119943A2E002AF829 /* CoreGraphics.framework */,
				13FA86D319943A2E002AF829 /* UIKit.framework */,
				13FA86F119943A2E002AF829 /* XCTest.framework */,
			);
			name = Frameworks;
			sourceTree = "<group>";
		};
		13FA86D519943A2E002AF829 /* MatchedUp */ = {
			isa = PBXGroup;
			children = (
				13FA86DE19943A2E002AF829 /* MRAppDelegate.h */,
				13FA86DF19943A2E002AF829 /* MRAppDelegate.m */,
				13FA86E119943A2E002AF829 /* Main.storyboard */,
				13FA86E419943A2E002AF829 /* MRFirstViewController.h */,
				13FA86E519943A2E002AF829 /* MRFirstViewController.m */,
				13FA86E719943A2E002AF829 /* MRSecondViewController.h */,
				13FA86E819943A2E002AF829 /* MRSecondViewController.m */,
				13FA86EA19943A2E002AF829 /* Images.xcassets */,
				13FA86D619943A2E002AF829 /* Supporting Files */,
			);
			path = MatchedUp;
			sourceTree = "<group>";
		};
		13FA86D619943A2E002AF829 /* Supporting Files */ = {
			isa = PBXGroup;
			children = (
				13FA86D719943A2E002AF829 /* MatchedUp-Info.plist */,
				13FA86D819943A2E002AF829 /* InfoPlist.strings */,
				13FA86DB19943A2E002AF829 /* main.m */,
				13FA86DD19943A2E002AF829 /* MatchedUp-Prefix.pch */,
			);
			name = "Supporting Files";
			sourceTree = "<group>";
		};
		13FA86F719943A2F002AF829 /* MatchedUpTests */ = {
			isa = PBXGroup;
			children = (
				13FA86FD19943A2F002AF829 /* MatchedUpTests.m */,
				13FA86F819943A2F002AF829 /* Supporting Files */,
			);
			path = MatchedUpTests;
			sourceTree = "<group>";
		};
		13FA86F819943A2F002AF829 /* Supporting Files */ = {
			isa = PBXGroup;
			children = (
				13FA86F919943A2F002AF829 /* MatchedUpTests-Info.plist */,
				13FA86FA19943A2F002AF829 /* InfoPlist.strings */,
			);
			name = "Supporting Files";
			sourceTree = "<group>";
		};
/* End PBXGroup section */

/* Begin PBXNativeTarget section */
		13FA86CB19943A2E002AF829 /* MatchedUp */ = {
			isa = PBXNativeTarget;
			buildConfigurationList = 13FA870119943A2F002AF829 /* Build configuration list for PBXNativeTarget "MatchedUp" */;
			buildPhases = (
				13FA86C819943A2E002AF829 /* Sources */,
				13FA86C919943A2E002AF829 /* Frameworks */,
				13FA86CA19943A2E002AF829 /* Resources */,
			);
			buildRules = (
			);
			dependencies = (
			);
			name = MatchedUp;
			productName = MatchedUp;
			productReference = 13FA86CC19943A2E002AF829 /* MatchedUp.app */;
			productType = "com.apple.product-type.application";
		};
		13FA86EF19943A2E002AF829 /* MatchedUpTests */ = {
			isa = PBXNativeTarget;
			buildConfigurationList = 13FA870419943A2F002AF829 /* Build configuration list for PBXNativeTarget "MatchedUpTests" */;
			buildPhases = (
				13FA86EC19943A2E002AF829 /* Sources */,
				13FA86ED19943A2E002AF829 /* Frameworks */,
				13FA86EE19943A2E002AF829 /* Resources */,
			);
			buildRules = (
			);
			dependencies = (
				13FA86F619943A2F002AF829 /* PBXTargetDependency */,
			);
			name = MatchedUpTests;
			productName = MatchedUpTests;
			productReference = 13FA86F019943A2E002AF829 /* MatchedUpTests.xctest */;
			productType = "com.apple.product-type.bundle.unit-test";
		};
/* End PBXNativeTarget section */

/* Begin PBXProject section */
		13FA86C419943A2E002AF829 /* Project object */ = {
			isa = PBXProject;
			attributes = {
				CLASSPREFIX = MR;
				LastUpgradeCheck = 0510;
				ORGANIZATIONNAME = edu.self.edu;
				TargetAttributes = {
					13FA86EF19943A2E002AF829 = {
						TestTargetID = 13FA86CB19943A2E002AF829;
					};
				};
			};
			buildConfigurationList = 13FA86C719943A2E002AF829 /* Build configuration list for PBXProject "MatchedUp" */;
			compatibilityVersion = "Xcode 3.2";
			developmentRegion = English;
			hasScannedForEncodings = 0;
			knownRegions = (
				en,
				Base,
			);
			mainGroup = 13FA86C319943A2E002AF829;
			productRefGroup = 13FA86CD19943A2E002AF829 /* Products */;
			projectDirPath = "";
			projectRoot = "";
			targets = (
				13FA86CB19943A2E002AF829 /* MatchedUp */,
				13FA86EF19943A2E002AF829 /* MatchedUpTests */,
			);
		};
/* End PBXProject section */

/* Begin PBXResourcesBuildPhase section */
		13FA86CA19943A2E002AF829 /* Resources */ = {
			isa = PBXResourcesBuildPhase;
			buildActionMask = 2147483647;
			files = (
				13FA86EB19943A2E002AF829 /* Images.xcassets in Resources */,
				13FA86DA19943A2E002AF829 /* InfoPlist.strings in Resources */,
				13FA86E319943A2E002AF829 /* Main.storyboard in Resources */,
			);
			runOnlyForDeploymentPostprocessing = 0;
		};
		13FA86EE19943A2E002AF829 /* Resources */ = {
			isa = PBXResourcesBuildPhase;
			buildActionMask = 2147483647;
			files = (
				13FA86FC19943A2F002AF829 /* InfoPlist.strings in Resources */,
			);
			runOnlyForDeploymentPostprocessing = 0;
		};
/* End PBXResourcesBuildPhase section */

/* Begin PBXSourcesBuildPhase section */
		13FA86C819943A2E002AF829 /* Sources */ = {
			isa = PBXSourcesBuildPhase;
			buildActionMask = 2147483647;
			files = (
				13FA86DC19943A2E002AF829 /* main.m in Sources */,
				13FA86E919943A2E002AF829 /* MRSecondViewController.m in Sources */,
				13FA86E019943A2E002AF829 /* MRAppDelegate.m in Sources */,
				13FA86E619943A2E002AF829 /* MRFirstViewController.m in Sources */,
			);
			runOnlyForDeploymentPostprocessing = 0;
		};
		13FA86EC19943A2E002AF829 /* Sources */ = {
			isa = PBXSourcesBuildPhase;
			buildActionMask = 2147483647;
			files = (
				13FA86FE19943A2F002AF829 /* MatchedUpTests.m in Sources */,
			);
			runOnlyForDeploymentPostprocessing = 0;
		};
/* End PBXSourcesBuildPhase section */

/* Begin PBXTargetDependency section */
		13FA86F619943A2F002AF829 /* PBXTargetDependency */ = {
			isa = PBXTargetDependency;
			target = 13FA86CB19943A2E002AF829 /* MatchedUp */;
			targetProxy = 13FA86F519943A2F002AF829 /* PBXContainerItemProxy */;
		};
/* End PBXTargetDependency section */

/* Begin PBXVariantGroup section */
		13FA86D819943A2E002AF829 /* InfoPlist.strings */ = {
			isa = PBXVariantGroup;
			children = (
				13FA86D919943A2E002AF829 /* en */,
			);
			name = InfoPlist.strings;
			sourceTree = "<group>";
		};
		13FA86E119943A2E002AF829 /* Main.storyboard */ = {
			isa = PBXVariantGroup;
			children = (
				13FA86E219943A2E002AF829 /* Base */,
			);
			name = Main.storyboard;
			sourceTree = "<group>";
		};
		13FA86FA19943A2F002AF829 /* InfoPlist.strings */ = {
			isa = PBXVariantGroup;
			children = (
				13FA86FB19943A2F002AF829 /* en */,
			);
			name = InfoPlist.strings;
			sourceTree = "<group>";
		};
/* End PBXVariantGroup section */

/* Begin XCBuildConfiguration section */
		13FA86FF19943A2F002AF829 /* Debug */ = {
			isa = XCBuildConfiguration;
			buildSettings = {
				ALWAYS_SEARCH_USER_PATHS = NO;
				CLANG_CXX_LANGUAGE_STANDARD = "gnu++0x";
				CLANG_CXX_LIBRARY = "libc++";
				CLANG_ENABLE_MODULES = YES;
				CLANG_ENABLE_OBJC_ARC = YES;
				CLANG_WARN_BOOL_CONVERSION = YES;
				CLANG_WARN_CONSTANT_CONVERSION = YES;
				CLANG_WARN_DIRECT_OBJC_ISA_USAGE = YES_ERROR;
				CLANG_WARN_EMPTY_BODY = YES;
				CLANG_WARN_ENUM_CONVERSION = YES;
				CLANG_WARN_INT_CONVERSION = YES;
				CLANG_WARN_OBJC_ROOT_CLASS = YES_ERROR;
				CLANG_WARN__DUPLICATE_METHOD_MATCH = YES;
				"CODE_SIGN_IDENTITY[sdk=iphoneos*]" = "iPhone Developer";
				COPY_PHASE_STRIP = NO;
				GCC_C_LANGUAGE_STANDARD = gnu99;
				GCC_DYNAMIC_NO_PIC = NO;
				GCC_OPTIMIZATION_LEVEL = 0;
				GCC_PREPROCESSOR_DEFINITIONS = (
					"DEBUG=1",
					"$(inherited)",
				);
				GCC_SYMBOLS_PRIVATE_EXTERN = NO;
				GCC_WARN_64_TO_32_BIT_CONVERSION = YES;
				GCC_WARN_ABOUT_RETURN_TYPE = YES_ERROR;
				GCC_WARN_UNDECLARED_SELECTOR = YES;
				GCC_WARN_UNINITIALIZED_AUTOS = YES_AGGRESSIVE;
				GCC_WARN_UNUSED_FUNCTION = YES;
				GCC_WARN_UNUSED_VARIABLE = YES;
				IPHONEOS_DEPLOYMENT_TARGET = 7.1;
				ONLY_ACTIVE_ARCH = YES;
				SDKROOT = iphoneos;
			};
			name = Debug;
		};
		13FA870019943A2F002AF829 /* Release */ = {
			isa = XCBuildConfiguration;
			buildSettings = {
				ALWAYS_SEARCH_USER_PATHS = NO;
				CLANG_CXX_LANGUAGE_STANDARD = "gnu++0x";
				CLANG_CXX_LIBRARY = "libc++";
				CLANG_ENABLE_MODULES = YES;
				CLANG_ENABLE_OBJC_ARC = YES;
				CLANG_WARN_BOOL_CONVERSION = YES;
				CLANG_WARN_CONSTANT_CONVERSION = YES;
				CLANG_WARN_DIRECT_OBJC_ISA_USAGE = YES_ERROR;
				CLANG_WARN_EMPTY_BODY = YES;
				CLANG_WARN_ENUM_CONVERSION = YES;
				CLANG_WARN_INT_CONVERSION = YES;
				CLANG_WARN_OBJC_ROOT_CLASS = YES_ERROR;
				CLANG_WARN__DUPLICATE_METHOD_MATCH = YES;
				"CODE_SIGN_IDENTITY[sdk=iphoneos*]" = "iPhone Developer";
				COPY_PHASE_STRIP = YES;
				ENABLE_NS_ASSERTIONS = NO;
				GCC_C_LANGUAGE_STANDARD = gnu99;
				GCC_WARN_64_TO_32_BIT_CONVERSION = YES;
				GCC_WARN_ABOUT_RETURN_TYPE = YES_ERROR;
				GCC_WARN_UNDECLARED_SELECTOR = YES;
				GCC_WARN_UNINITIALIZED_AUTOS = YES_AGGRESSIVE;
				GCC_WARN_UNUSED_FUNCTION = YES;
				GCC_WARN_UNUSED_VARIABLE = YES;
				IPHONEOS_DEPLOYMENT_TARGET = 7.1;
				SDKROOT = iphoneos;
				VALIDATE_PRODUCT = YES;
			};
			name = Release;
		};
		13FA870219943A2F002AF829 /* Debug */ = {
			isa = XCBuildConfiguration;
			buildSettings = {
				ASSETCATALOG_COMPILER_APPICON_NAME = AppIcon;
				ASSETCATALOG_COMPILER_LAUNCHIMAGE_NAME = LaunchImage;
				GCC_PRECOMPILE_PREFIX_HEADER = YES;
				GCC_PREFIX_HEADER = "MatchedUp/MatchedUp-Prefix.pch";
				INFOPLIST_FILE = "MatchedUp/MatchedUp-Info.plist";
				PRODUCT_NAME = "$(TARGET_NAME)";
				WRAPPER_EXTENSION = app;
			};
			name = Debug;
		};
		13FA870319943A2F002AF829 /* Release */ = {
			isa = XCBuildConfiguration;
			buildSettings = {
				ASSETCATALOG_COMPILER_APPICON_NAME = AppIcon;
				ASSETCATALOG_COMPILER_LAUNCHIMAGE_NAME = LaunchImage;
				GCC_PRECOMPILE_PREFIX_HEADER = YES;
				GCC_PREFIX_HEADER = "MatchedUp/MatchedUp-Prefix.pch";
				INFOPLIST_FILE = "MatchedUp/MatchedUp-Info.plist";
				PRODUCT_NAME = "$(TARGET_NAME)";
				WRAPPER_EXTENSION = app;
			};
			name = Release;
		};
		13FA870519943A2F002AF829 /* Debug */ = {
			isa = XCBuildConfiguration;
			buildSettings = {
				BUNDLE_LOADER = "$(BUILT_PRODUCTS_DIR)/MatchedUp.app/MatchedUp";
				FRAMEWORK_SEARCH_PATHS = (
					"$(SDKROOT)/Developer/Library/Frameworks",
					"$(inherited)",
					"$(DEVELOPER_FRAMEWORKS_DIR)",
				);
				GCC_PRECOMPILE_PREFIX_HEADER = YES;
				GCC_PREFIX_HEADER = "MatchedUp/MatchedUp-Prefix.pch";
				GCC_PREPROCESSOR_DEFINITIONS = (
					"DEBUG=1",
					"$(inherited)",
				);
				INFOPLIST_FILE = "MatchedUpTests/MatchedUpTests-Info.plist";
				PRODUCT_NAME = "$(TARGET_NAME)";
				TEST_HOST = "$(BUNDLE_LOADER)";
				WRAPPER_EXTENSION = xctest;
			};
			name = Debug;
		};
		13FA870619943A2F002AF829 /* Release */ = {
			isa = XCBuildConfiguration;
			buildSettings = {
				BUNDLE_LOADER = "$(BUILT_PRODUCTS_DIR)/MatchedUp.app/MatchedUp";
				FRAMEWORK_SEARCH_PATHS = (
					"$(SDKROOT)/Developer/Library/Frameworks",
					"$(inherited)",
					"$(DEVELOPER_FRAMEWORKS_DIR)",
				);
				GCC_PRECOMPILE_PREFIX_HEADER = YES;
				GCC_PREFIX_HEADER = "MatchedUp/MatchedUp-Prefix.pch";
				INFOPLIST_FILE = "MatchedUpTests/MatchedUpTests-Info.plist";
				PRODUCT_NAME = "$(TARGET_NAME)";
				TEST_HOST = "$(BUNDLE_LOADER)";
				WRAPPER_EXTENSION = xctest;
			};
			name = Release;
		};
/* End XCBuildConfiguration section */

/* Begin XCConfigurationList section */
		13FA86C719943A2E002AF829 /* Build configuration list for PBXProject "MatchedUp" */ = {
			isa = XCConfigurationList;
			buildConfigurations = (
				13FA86FF19943A2F002AF829 /* Debug */,
				13FA870019943A2F002AF829 /* Release */,
			);
			defaultConfigurationIsVisible = 0;
			defaultConfigurationName = Release;
		};
		13FA870119943A2F002AF829 /* Build configuration list for PBXNativeTarget "MatchedUp" */ = {
			isa = XCConfigurationList;
			buildConfigurations = (
				13FA870219943A2F002AF829 /* Debug */,
				13FA870319943A2F002AF829 /* Release */,
			);
			defaultConfigurationIsVisible = 0;
		};
		13FA870419943A2F002AF829 /* Build configuration list for PBXNativeTarget "MatchedUpTests" */ = {
			isa = XCConfigurationList;
			buildConfigurations = (
				13FA870519943A2F002AF829 /* Debug */,
				13FA870619943A2F002AF829 /* Release */,
			);
			defaultConfigurationIsVisible = 0;
		};
/* End XCConfigurationList section */
	};
	rootObject = 13FA86C419943A2E002AF829 /* Project object */;
}
